
Microsoft Visual Studio Solution File, Format Version 12.00
# Visual Studio Version 16
VisualStudioVersion = 16.0.29215.179
MinimumVisualStudioVersion = 10.0.40219.1
Project("{FAE04EC0-301F-11D3-BF4B-00C04F79EFBC}") = "Opdracht1", "Opdracht1\Opdracht1.csproj", "{09B2F79B-86D0-41B9-ACB7-4E4739150C1E}"
EndProject
Project("{FAE04EC0-301F-11D3-BF4B-00C04F79EFBC}") = "Opdracht2", "Opdracht2\Opdracht2.csproj", "{7CA4A02F-F38D-40B2-85B8-F040BD3D2DB0}"
EndProject
Project("{FAE04EC0-301F-11D3-BF4B-00C04F79EFBC}") = "Opdracht3", "Opdracht3\Opdracht3.csproj", "{7BEA8545-7DC9-4500-916C-21AE0BACD0C2}"
EndProject
Project("{FAE04EC0-301F-11D3-BF4B-00C04F79EFBC}") = "Opdracht4", "Opdracht4\Opdracht4.csproj", "{9A66DF38-470D-4DCF-87A3-47BC167DDA0D}"
EndProject
Project("{FAE04EC0-301F-11D3-BF4B-00C04F79EFBC}") = "Opdracht5", "Opdracht5\Opdracht5.csproj", "{CFA292E8-C72C-4234-9CA9-E9737F8BE673}"
EndProject
Project("{FAE04EC0-301F-11D3-BF4B-00C04F79EFBC}") = "Opdracht6", "Opdracht6\Opdracht6.csproj", "{F7208D2D-CD08-4760-8FFC-D6FD21BAD03F}"
EndProject
Project("{FAE04EC0-301F-11D3-BF4B-00C04F79EFBC}") = "Opdracht7", "Opdracht7\Opdracht7.csproj", "{19871C16-6AC0-4C7F-A988-2AE60D46E910}"
EndProject
Global
	GlobalSection(SolutionConfigurationPlatforms) = preSolution
		Debug|Any CPU = Debug|Any CPU
		Release|Any CPU = Release|Any CPU
	EndGlobalSection
	GlobalSection(ProjectConfigurationPlatforms) = postSolution
		{09B2F79B-86D0-41B9-ACB7-4E4739150C1E}.Debug|Any CPU.ActiveCfg = Debug|Any CPU
		{09B2F79B-86D0-41B9-ACB7-4E4739150C1E}.Debug|Any CPU.Build.0 = Debug|Any CPU
		{09B2F79B-86D0-41B9-ACB7-4E4739150C1E}.Release|Any CPU.ActiveCfg = Release|Any CPU
		{09B2F79B-86D0-41B9-ACB7-4E4739150C1E}.Release|Any CPU.Build.0 = Release|Any CPU
		{7CA4A02F-F38D-40B2-85B8-F040BD3D2DB0}.Debug|Any CPU.ActiveCfg = Debug|Any CPU
		{7CA4A02F-F38D-40B2-85B8-F040BD3D2DB0}.Debug|Any CPU.Build.0 = Debug|Any CPU
		{7CA4A02F-F38D-40B2-85B8-F040BD3D2DB0}.Release|Any CPU.ActiveCfg = Release|Any CPU
		{7CA4A02F-F38D-40B2-85B8-F040BD3D2DB0}.Release|Any CPU.Build.0 = Release|Any CPU
		{7BEA8545-7DC9-4500-916C-21AE0BACD0C2}.Debug|Any CPU.ActiveCfg = Debug|Any CPU
		{7BEA8545-7DC9-4500-916C-21AE0BACD0C2}.Debug|Any CPU.Build.0 = Debug|Any CPU
		{7BEA8545-7DC9-4500-916C-21AE0BACD0C2}.Release|Any CPU.ActiveCfg = Release|Any CPU
		{7BEA8545-7DC9-4500-916C-21AE0BACD0C2}.Release|Any CPU.Build.0 = Release|Any CPU
		{9A66DF38-470D-4DCF-87A3-47BC167DDA0D}.Debug|Any CPU.ActiveCfg = Debug|Any CPU
		{9A66DF38-470D-4DCF-87A3-47BC167DDA0D}.Debug|Any CPU.Build.0 = Debug|Any CPU
		{9A66DF38-470D-4DCF-87A3-47BC167DDA0D}.Release|Any CPU.ActiveCfg = Release|Any CPU
		{9A66DF38-470D-4DCF-87A3-47BC167DDA0D}.Release|Any CPU.Build.0 = Release|Any CPU
		{CFA292E8-C72C-4234-9CA9-E9737F8BE673}.Debug|Any CPU.ActiveCfg = Debug|Any CPU
		{CFA292E8-C72C-4234-9CA9-E9737F8BE673}.Debug|Any CPU.Build.0 = Debug|Any CPU
		{CFA292E8-C72C-4234-9CA9-E9737F8BE673}.Release|Any CPU.ActiveCfg = Release|Any CPU
		{CFA292E8-C72C-4234-9CA9-E9737F8BE673}.Release|Any CPU.Build.0 = Release|Any CPU
		{F7208D2D-CD08-4760-8FFC-D6FD21BAD03F}.Debug|Any CPU.ActiveCfg = Debug|Any CPU
		{F7208D2D-CD08-4760-8FFC-D6FD21BAD03F}.Debug|Any CPU.Build.0 = Debug|Any CPU
		{F7208D2D-CD08-4760-8FFC-D6FD21BAD03F}.Release|Any CPU.ActiveCfg = Release|Any CPU
		{F7208D2D-CD08-4760-8FFC-D6FD21BAD03F}.Release|Any CPU.Build.0 = Release|Any CPU
		{19871C16-6AC0-4C7F-A988-2AE60D46E910}.Debug|Any CPU.ActiveCfg = Debug|Any CPU
		{19871C16-6AC0-4C7F-A988-2AE60D46E910}.Debug|Any CPU.Build.0 = Debug|Any CPU
		{19871C16-6AC0-4C7F-A988-2AE60D46E910}.Release|Any CPU.ActiveCfg = Release|Any CPU
		{19871C16-6AC0-4C7F-A988-2AE60D46E910}.Release|Any CPU.Build.0 = Release|Any CPU
	EndGlobalSection
	GlobalSection(SolutionProperties) = preSolution
		HideSolutionNode = FALSE
	EndGlobalSection
	GlobalSection(ExtensibilityGlobals) = postSolution
		SolutionGuid = {D7555C1B-C4DA-481D-AC62-F9E788230EB3}
	EndGlobalSection
EndGlobal
